// !$*UTF8*$!
{
	archiveVersion = 1;
	classes = {
	};
	objectVersion = 50;
	objects = {

/* Begin PBXBuildFile section */
		9CAAE60B20BDA2FB00DD95BA /* AppDelegate.swift in Sources */ = {isa = PBXBuildFile; fileRef = 9CAAE60A20BDA2FB00DD95BA /* AppDelegate.swift */; };
		9CAAE60D20BDA2FC00DD95BA /* ViewController.swift in Sources */ = {isa = PBXBuildFile; fileRef = 9CAAE60C20BDA2FC00DD95BA /* ViewController.swift */; };
		9CAAE61020BDA2FC00DD95BA /* Main.storyboard in Resources */ = {isa = PBXBuildFile; fileRef = 9CAAE60E20BDA2FC00DD95BA /* Main.storyboard */; };
		9CAAE61220BDA2FD00DD95BA /* Assets.xcassets in Resources */ = {isa = PBXBuildFile; fileRef = 9CAAE61120BDA2FD00DD95BA /* Assets.xcassets */; };
		9CAAE61520BDA2FD00DD95BA /* LaunchScreen.storyboard in Resources */ = {isa = PBXBuildFile; fileRef = 9CAAE61320BDA2FD00DD95BA /* LaunchScreen.storyboard */; };
/* End PBXBuildFile section */

/* Begin PBXFileReference section */
		9CAAE60720BDA2FB00DD95BA /* Task Assignment.app */ = {isa = PBXFileReference; explicitFileType = wrapper.application; includeInIndex = 0; path = "Task Assignment.app"; sourceTree = BUILT_PRODUCTS_DIR; };
		9CAAE60A20BDA2FB00DD95BA /* AppDelegate.swift */ = {isa = PBXFileReference; lastKnownFileType = sourcecode.swift; path = AppDelegate.swift; sourceTree = "<group>"; };
		9CAAE60C20BDA2FC00DD95BA /* ViewController.swift */ = {isa = PBXFileReference; lastKnownFileType = sourcecode.swift; path = ViewController.swift; sourceTree = "<group>"; };
		9CAAE60F20BDA2FC00DD95BA /* Base */ = {isa = PBXFileReference; lastKnownFileType = file.storyboard; name = Base; path = Base.lproj/Main.storyboard; sourceTree = "<group>"; };
		9CAAE61120BDA2FD00DD95BA /* Assets.xcassets */ = {isa = PBXFileReference; lastKnownFileType = folder.assetcatalog; path = Assets.xcassets; sourceTree = "<group>"; };
		9CAAE61420BDA2FD00DD95BA /* Base */ = {isa = PBXFileReference; lastKnownFileType = file.storyboard; name = Base; path = Base.lproj/LaunchScreen.storyboard; sourceTree = "<group>"; };
		9CAAE61620BDA2FD00DD95BA /* Info.plist */ = {isa = PBXFileReference; lastKnownFileType = text.plist.xml; path = Info.plist; sourceTree = "<group>"; };
/* End PBXFileReference section */

/* Begin PBXFrameworksBuildPhase section */
		9CAAE60420BDA2FB00DD95BA /* Frameworks */ = {
			isa = PBXFrameworksBuildPhase;
			buildActionMask = 2147483647;
			files = (
			);
			runOnlyForDeploymentPostprocessing = 0;
		};
/* End PBXFrameworksBuildPhase section */

/* Begin PBXGroup section */
		9CAAE5FE20BDA2FB00DD95BA = {
			isa = PBXGroup;
			children = (
				9CAAE60920BDA2FB00DD95BA /* Task Assignment */,
				9CAAE60820BDA2FB00DD95BA /* Products */,
			);
			sourceTree = "<group>";
		};
		9CAAE60820BDA2FB00DD95BA /* Products */ = {
			isa = PBXGroup;
			children = (
				9CAAE60720BDA2FB00DD95BA /* Task Assignment.app */,
			);
			name = Products;
			sourceTree = "<group>";
		};
		9CAAE60920BDA2FB00DD95BA /* Task Assignment */ = {
			isa = PBXGroup;
			children = (
				9CAAE61E20BDA36700DD95BA /* StoryBoards */,
				9CAAE61D20BDA35800DD95BA /* Utilities */,
				9CAAE61C20BDA32C00DD95BA /* ViewControllers */,
				9CAAE60A20BDA2FB00DD95BA /* AppDelegate.swift */,
			);
			path = "Task Assignment";
			sourceTree = "<group>";
		};
		9CAAE61C20BDA32C00DD95BA /* ViewControllers */ = {
			isa = PBXGroup;
			children = (
				9CAAE60C20BDA2FC00DD95BA /* ViewController.swift */,
			);
			path = ViewControllers;
			sourceTree = "<group>";
		};
		9CAAE61D20BDA35800DD95BA /* Utilities */ = {
			isa = PBXGroup;
			children = (
				9CAAE61120BDA2FD00DD95BA /* Assets.xcassets */,
				9CAAE61620BDA2FD00DD95BA /* Info.plist */,
			);
			path = Utilities;
			sourceTree = "<group>";
		};
		9CAAE61E20BDA36700DD95BA /* StoryBoards */ = {
			isa = PBXGroup;
			children = (
				9CAAE60E20BDA2FC00DD95BA /* Main.storyboard */,
				9CAAE61320BDA2FD00DD95BA /* LaunchScreen.storyboard */,
			);
			path = StoryBoards;
			sourceTree = "<group>";
		};
/* End PBXGroup section */

/* Begin PBXNativeTarget section */
		9CAAE60620BDA2FB00DD95BA /* Task Assignment */ = {
			isa = PBXNativeTarget;
			buildConfigurationList = 9CAAE61920BDA2FD00DD95BA /* Build configuration list for PBXNativeTarget "Task Assignment" */;
			buildPhases = (
				9CAAE60320BDA2FB00DD95BA /* Sources */,
				9CAAE60420BDA2FB00DD95BA /* Frameworks */,
				9CAAE60520BDA2FB00DD95BA /* Resources */,
			);
			buildRules = (
			);
			dependencies = (
			);
			name = "Task Assignment";
			productName = "Task Assignment";
			productReference = 9CAAE60720BDA2FB00DD95BA /* Task Assignment.app */;
			productType = "com.apple.product-type.application";
		};
/* End PBXNativeTarget section */

/* Begin PBXProject section */
		9CAAE5FF20BDA2FB00DD95BA /* Project object */ = {
			isa = PBXProject;
			attributes = {
				LastSwiftUpdateCheck = 0930;
				LastUpgradeCheck = 0930;
				ORGANIZATIONNAME = mojazapp;
				TargetAttributes = {
					9CAAE60620BDA2FB00DD95BA = {
						CreatedOnToolsVersion = 9.3.1;
					};
				};
			};
			buildConfigurationList = 9CAAE60220BDA2FB00DD95BA /* Build configuration list for PBXProject "Task Assignment" */;
			compatibilityVersion = "Xcode 9.3";
			developmentRegion = en;
			hasScannedForEncodings = 0;
			knownRegions = (
				en,
				Base,
			);
			mainGroup = 9CAAE5FE20BDA2FB00DD95BA;
			productRefGroup = 9CAAE60820BDA2FB00DD95BA /* Products */;
			projectDirPath = "";
			projectRoot = "";
			targets = (
				9CAAE60620BDA2FB00DD95BA /* Task Assignment */,
			);
		};
/* End PBXProject section */

/* Begin PBXResourcesBuildPhase section */
		9CAAE60520BDA2FB00DD95BA /* Resources */ = {
			isa = PBXResourcesBuildPhase;
			buildActionMask = 2147483647;
			files = (
				9CAAE61520BDA2FD00DD95BA /* LaunchScreen.storyboard in Resources */,
				9CAAE61220BDA2FD00DD95BA /* Assets.xcassets in Resources */,
				9CAAE61020BDA2FC00DD95BA /* Main.storyboard in Resources */,
			);
			runOnlyForDeploymentPostprocessing = 0;
		};
/* End PBXResourcesBuildPhase section */

/* Begin PBXSourcesBuildPhase section */
		9CAAE60320BDA2FB00DD95BA /* Sources */ = {
			isa = PBXSourcesBuildPhase;
			buildActionMask = 2147483647;
			files = (
				9CAAE60D20BDA2FC00DD95BA /* ViewController.swift in Sources */,
				9CAAE60B20BDA2FB00DD95BA /* AppDelegate.swift in Sources */,
			);
			runOnlyForDeploymentPostprocessing = 0;
		};
/* End PBXSourcesBuildPhase section */

/* Begin PBXVariantGroup section */
		9CAAE60E20BDA2FC00DD95BA /* Main.storyboard */ = {
			isa = PBXVariantGroup;
			children = (
				9CAAE60F20BDA2FC00DD95BA /* Base */,
			);
			name = Main.storyboard;
			sourceTree = "<group>";
		};
		9CAAE61320BDA2FD00DD95BA /* LaunchScreen.storyboard */ = {
			isa = PBXVariantGroup;
			children = (
				9CAAE61420BDA2FD00DD95BA /* Base */,
			);
			name = LaunchScreen.storyboard;
			sourceTree = "<group>";
		};
/* End PBXVariantGroup section */

/* Begin XCBuildConfiguration section */
		9CAAE61720BDA2FD00DD95BA /* Debug */ = {
			isa = XCBuildConfiguration;
			buildSettings = {
				ALWAYS_SEARCH_USER_PATHS = NO;
				CLANG_ANALYZER_NONNULL = YES;
				CLANG_ANALYZER_NUMBER_OBJECT_CONVERSION = YES_AGGRESSIVE;
				CLANG_CXX_LANGUAGE_STANDARD = "gnu++14";
				CLANG_CXX_LIBRARY = "libc++";
				CLANG_ENABLE_MODULES = YES;
				CLANG_ENABLE_OBJC_ARC = YES;
				CLANG_ENABLE_OBJC_WEAK = YES;
				CLANG_WARN_BLOCK_CAPTURE_AUTORELEASING = YES;
				CLANG_WARN_BOOL_CONVERSION = YES;
				CLANG_WARN_COMMA = YES;
				CLANG_WARN_CONSTANT_CONVERSION = YES;
				CLANG_WARN_DEPRECATED_OBJC_IMPLEMENTATIONS = YES;
				CLANG_WARN_DIRECT_OBJC_ISA_USAGE = YES_ERROR;
				CLANG_WARN_DOCUMENTATION_COMMENTS = YES;
				CLANG_WARN_EMPTY_BODY = YES;
				CLANG_WARN_ENUM_CONVERSION = YES;
				CLANG_WARN_INFINITE_RECURSION = YES;
				CLANG_WARN_INT_CONVERSION = YES;
				CLANG_WARN_NON_LITERAL_NULL_CONVERSION = YES;
				CLANG_WARN_OBJC_IMPLICIT_RETAIN_SELF = YES;
				CLANG_WARN_OBJC_LITERAL_CONVERSION = YES;
				CLANG_WARN_OBJC_ROOT_CLASS = YES_ERROR;
				CLANG_WARN_RANGE_LOOP_ANALYSIS = YES;
				CLANG_WARN_STRICT_PROTOTYPES = YES;
				CLANG_WARN_SUSPICIOUS_MOVE = YES;
				CLANG_WARN_UNGUARDED_AVAILABILITY = YES_AGGRESSIVE;
				CLANG_WARN_UNREACHABLE_CODE = YES;
				CLANG_WARN__DUPLICATE_METHOD_MATCH = YES;
				CODE_SIGN_IDENTITY = "iPhone Developer";
				COPY_PHASE_STRIP = NO;
				DEBUG_INFORMATION_FORMAT = dwarf;
				ENABLE_STRICT_OBJC_MSGSEND = YES;
				ENABLE_TESTABILITY = YES;
				GCC_C_LANGUAGE_STANDARD = gnu11;
				GCC_DYNAMIC_NO_PIC = NO;
				GCC_NO_COMMON_BLOCKS = YES;
				GCC_OPTIMIZATION_LEVEL = 0;
				GCC_PREPROCESSOR_DEFINITIONS = (
					"DEBUG=1",
					"$(inherited)",
				);
				GCC_WARN_64_TO_32_BIT_CONVERSION = YES;
				GCC_WARN_ABOUT_RETURN_TYPE = YES_ERROR;
				GCC_WARN_UNDECLARED_SELECTOR = YES;
				GCC_WARN_UNINITIALIZED_AUTOS = YES_AGGRESSIVE;
				GCC_WARN_UNUSED_FUNCTION = YES;
				GCC_WARN_UNUSED_VARIABLE = YES;
				IPHONEOS_DEPLOYMENT_TARGET = 11.3;
				MTL_ENABLE_DEBUG_INFO = YES;
				ONLY_ACTIVE_ARCH = YES;
				SDKROOT = iphoneos;
				SWIFT_ACTIVE_COMPILATION_CONDITIONS = DEBUG;
				SWIFT_OPTIMIZATION_LEVEL = "-Onone";
			};
			name = Debug;
		};
		9CAAE61820BDA2FD00DD95BA /* Release */ = {
			isa = XCBuildConfiguration;
			buildSettings = {
				ALWAYS_SEARCH_USER_PATHS = NO;
				CLANG_ANALYZER_NONNULL = YES;
				CLANG_ANALYZER_NUMBER_OBJECT_CONVERSION = YES_AGGRESSIVE;
				CLANG_CXX_LANGUAGE_STANDARD = "gnu++14";
				CLANG_CXX_LIBRARY = "libc++";
				CLANG_ENABLE_MODULES = YES;
				CLANG_ENABLE_OBJC_ARC = YES;
				CLANG_ENABLE_OBJC_WEAK = YES;
				CLANG_WARN_BLOCK_CAPTURE_AUTORELEASING = YES;
				CLANG_WARN_BOOL_CONVERSION = YES;
				CLANG_WARN_COMMA = YES;
				CLANG_WARN_CONSTANT_CONVERSION = YES;
				CLANG_WARN_DEPRECATED_OBJC_IMPLEMENTATIONS = YES;
				CLANG_WARN_DIRECT_OBJC_ISA_USAGE = YES_ERROR;
				CLANG_WARN_DOCUMENTATION_COMMENTS = YES;
				CLANG_WARN_EMPTY_BODY = YES;
				CLANG_WARN_ENUM_CONVERSION = YES;
				CLANG_WARN_INFINITE_RECURSION = YES;
				CLANG_WARN_INT_CONVERSION = YES;
				CLANG_WARN_NON_LITERAL_NULL_CONVERSION = YES;
				CLANG_WARN_OBJC_IMPLICIT_RETAIN_SELF = YES;
				CLANG_WARN_OBJC_LITERAL_CONVERSION = YES;
				CLANG_WARN_OBJC_ROOT_CLASS = YES_ERROR;
				CLANG_WARN_RANGE_LOOP_ANALYSIS = YES;
				CLANG_WARN_STRICT_PROTOTYPES = YES;
				CLANG_WARN_SUSPICIOUS_MOVE = YES;
				CLANG_WARN_UNGUARDED_AVAILABILITY = YES_AGGRESSIVE;
				CLANG_WARN_UNREACHABLE_CODE = YES;
				CLANG_WARN__DUPLICATE_METHOD_MATCH = YES;
				CODE_SIGN_IDENTITY = "iPhone Developer";
				COPY_PHASE_STRIP = NO;
				DEBUG_INFORMATION_FORMAT = "dwarf-with-dsym";
				ENABLE_NS_ASSERTIONS = NO;
				ENABLE_STRICT_OBJC_MSGSEND = YES;
				GCC_C_LANGUAGE_STANDARD = gnu11;
				GCC_NO_COMMON_BLOCKS = YES;
				GCC_WARN_64_TO_32_BIT_CONVERSION = YES;
				GCC_WARN_ABOUT_RETURN_TYPE = YES_ERROR;
				GCC_WARN_UNDECLARED_SELECTOR = YES;
				GCC_WARN_UNINITIALIZED_AUTOS = YES_AGGRESSIVE;
				GCC_WARN_UNUSED_FUNCTION = YES;
				GCC_WARN_UNUSED_VARIABLE = YES;
				IPHONEOS_DEPLOYMENT_TARGET = 11.3;
				MTL_ENABLE_DEBUG_INFO = NO;
				SDKROOT = iphoneos;
				SWIFT_COMPILATION_MODE = wholemodule;
				SWIFT_OPTIMIZATION_LEVEL = "-O";
				VALIDATE_PRODUCT = YES;
			};
			name = Release;
		};
		9CAAE61A20BDA2FD00DD95BA /* Debug */ = {
			isa = XCBuildConfiguration;
			buildSettings = {
				ASSETCATALOG_COMPILER_APPICON_NAME = AppIcon;
				CODE_SIGN_STYLE = Automatic;
				INFOPLIST_FILE = "$(SRCROOT)/Task Assignment/Utilities/Info.plist";
				LD_RUNPATH_SEARCH_PATHS = (
					"$(inherited)",
					"@executable_path/Frameworks",
				);
				PRODUCT_BUNDLE_IDENTIFIER = "mojazapp.Task-Assignment";
				PRODUCT_NAME = "$(TARGET_NAME)";
				SWIFT_VERSION = 4.0;
				TARGETED_DEVICE_FAMILY = "1,2";
			};
			name = Debug;
		};
		9CAAE61B20BDA2FD00DD95BA /* Release */ = {
			isa = XCBuildConfiguration;
			buildSettings = {
				ASSETCATALOG_COMPILER_APPICON_NAME = AppIcon;
				CODE_SIGN_STYLE = Automatic;
				INFOPLIST_FILE = "$(SRCROOT)/Task Assignment/Utilities/Info.plist";
				LD_RUNPATH_SEARCH_PATHS = (
					"$(inherited)",
					"@executable_path/Frameworks",
				);
				PRODUCT_BUNDLE_IDENTIFIER = "mojazapp.Task-Assignment";
				PRODUCT_NAME = "$(TARGET_NAME)";
				SWIFT_VERSION = 4.0;
				TARGETED_DEVICE_FAMILY = "1,2";
			};
			name = Release;
		};
/* End XCBuildConfiguration section */

/* Begin XCConfigurationList section */
		9CAAE60220BDA2FB00DD95BA /* Build configuration list for PBXProject "Task Assignment" */ = {
			isa = XCConfigurationList;
			buildConfigurations = (
				9CAAE61720BDA2FD00DD95BA /* Debug */,
				9CAAE61820BDA2FD00DD95BA /* Release */,
			);
			defaultConfigurationIsVisible = 0;
			defaultConfigurationName = Release;
		};
		9CAAE61920BDA2FD00DD95BA /* Build configuration list for PBXNativeTarget "Task Assignment" */ = {
			isa = XCConfigurationList;
			buildConfigurations = (
				9CAAE61A20BDA2FD00DD95BA /* Debug */,
				9CAAE61B20BDA2FD00DD95BA /* Release */,
			);
			defaultConfigurationIsVisible = 0;
			defaultConfigurationName = Release;
		};
/* End XCConfigurationList section */
	};
	rootObject = 9CAAE5FF20BDA2FB00DD95BA /* Project object */;
}
